
Microsoft Visual Studio Solution File, Format Version 12.00
# Visual Studio Version 16
VisualStudioVersion = 16.0.32228.343
MinimumVisualStudioVersion = 10.0.40219.1
Project("{FAE04EC0-301F-11D3-BF4B-00C04F79EFBC}") = "BaiTap1", "BaiTap1\BaiTap1.csproj", "{33C0F16B-D677-4D46-999C-F3E4257D271E}"
EndProject
Global
	GlobalSection(SolutionConfigurationPlatforms) = preSolution
		Debug|Any CPU = Debug|Any CPU
		Release|Any CPU = Release|Any CPU
	EndGlobalSection
	GlobalSection(ProjectConfigurationPlatforms) = postSolution
		{33C0F16B-D677-4D46-999C-F3E4257D271E}.Debug|Any CPU.ActiveCfg = Debug|Any CPU
		{33C0F16B-D677-4D46-999C-F3E4257D271E}.Debug|Any CPU.Build.0 = Debug|Any CPU
		{33C0F16B-D677-4D46-999C-F3E4257D271E}.Release|Any CPU.ActiveCfg = Release|Any CPU
		{33C0F16B-D677-4D46-999C-F3E4257D271E}.Release|Any CPU.Build.0 = Release|Any CPU
	EndGlobalSection
	GlobalSection(SolutionProperties) = preSolution
		HideSolutionNode = FALSE
	EndGlobalSection
	GlobalSection(ExtensibilityGlobals) = postSolution
		SolutionGuid = {FEDBB438-D6BD-49C1-8C5D-6CFC318BBB9C}
	EndGlobalSection
EndGlobal
