
Microsoft Visual Studio Solution File, Format Version 12.00
# Visual Studio Version 16
VisualStudioVersion = 16.0.32228.343
MinimumVisualStudioVersion = 10.0.40219.1
Project("{FAE04EC0-301F-11D3-BF4B-00C04F79EFBC}") = "BaiTap2_61133848", "BaiTap2_61133848\BaiTap2_61133848.csproj", "{13AEB82D-8DBF-4B07-A5B1-440A6C88CE7C}"
EndProject
Global
	GlobalSection(SolutionConfigurationPlatforms) = preSolution
		Debug|Any CPU = Debug|Any CPU
		Release|Any CPU = Release|Any CPU
	EndGlobalSection
	GlobalSection(ProjectConfigurationPlatforms) = postSolution
		{13AEB82D-8DBF-4B07-A5B1-440A6C88CE7C}.Debug|Any CPU.ActiveCfg = Debug|Any CPU
		{13AEB82D-8DBF-4B07-A5B1-440A6C88CE7C}.Debug|Any CPU.Build.0 = Debug|Any CPU
		{13AEB82D-8DBF-4B07-A5B1-440A6C88CE7C}.Release|Any CPU.ActiveCfg = Release|Any CPU
		{13AEB82D-8DBF-4B07-A5B1-440A6C88CE7C}.Release|Any CPU.Build.0 = Release|Any CPU
	EndGlobalSection
	GlobalSection(SolutionProperties) = preSolution
		HideSolutionNode = FALSE
	EndGlobalSection
	GlobalSection(ExtensibilityGlobals) = postSolution
		SolutionGuid = {BBA4A850-1A25-4759-AEF3-02231713E999}
	EndGlobalSection
EndGlobal
