
Microsoft Visual Studio Solution File, Format Version 12.00
# Visual Studio Version 16
VisualStudioVersion = 16.0.32228.343
MinimumVisualStudioVersion = 10.0.40219.1
Project("{FAE04EC0-301F-11D3-BF4B-00C04F79EFBC}") = "BaiTap3_61133848", "BaiTap3_61133848\BaiTap3_61133848.csproj", "{A355D1E8-72F0-4FD3-B362-86BD2901E496}"
EndProject
Global
	GlobalSection(SolutionConfigurationPlatforms) = preSolution
		Debug|Any CPU = Debug|Any CPU
		Release|Any CPU = Release|Any CPU
	EndGlobalSection
	GlobalSection(ProjectConfigurationPlatforms) = postSolution
		{A355D1E8-72F0-4FD3-B362-86BD2901E496}.Debug|Any CPU.ActiveCfg = Debug|Any CPU
		{A355D1E8-72F0-4FD3-B362-86BD2901E496}.Debug|Any CPU.Build.0 = Debug|Any CPU
		{A355D1E8-72F0-4FD3-B362-86BD2901E496}.Release|Any CPU.ActiveCfg = Release|Any CPU
		{A355D1E8-72F0-4FD3-B362-86BD2901E496}.Release|Any CPU.Build.0 = Release|Any CPU
	EndGlobalSection
	GlobalSection(SolutionProperties) = preSolution
		HideSolutionNode = FALSE
	EndGlobalSection
	GlobalSection(ExtensibilityGlobals) = postSolution
		SolutionGuid = {1A4A8DB1-0FE5-40E0-9B04-300FDFDEA672}
	EndGlobalSection
EndGlobal
